
Microsoft Visual Studio Solution File, Format Version 12.00
# Visual Studio Version 16
VisualStudioVersion = 16.0.30104.148
MinimumVisualStudioVersion = 10.0.40219.1
Project("{FAE04EC0-301F-11D3-BF4B-00C04F79EFBC}") = "AffogatoControlPack", "AffogatoControlPack\AffogatoControlPack.csproj", "{2303F979-8565-40FC-BDA5-D095E782983E}"
EndProject
Project("{FAE04EC0-301F-11D3-BF4B-00C04F79EFBC}") = "AffogatoControlPackTest", "AffogatoControlPackTest\AffogatoControlPackTest.csproj", "{CCABD378-10A3-47E4-AE9D-978B5E861201}"
EndProject
Global
	GlobalSection(SolutionConfigurationPlatforms) = preSolution
		Debug|Any CPU = Debug|Any CPU
		Release|Any CPU = Release|Any CPU
	EndGlobalSection
	GlobalSection(ProjectConfigurationPlatforms) = postSolution
		{2303F979-8565-40FC-BDA5-D095E782983E}.Debug|Any CPU.ActiveCfg = Debug|Any CPU
		{2303F979-8565-40FC-BDA5-D095E782983E}.Debug|Any CPU.Build.0 = Debug|Any CPU
		{2303F979-8565-40FC-BDA5-D095E782983E}.Release|Any CPU.ActiveCfg = Release|Any CPU
		{2303F979-8565-40FC-BDA5-D095E782983E}.Release|Any CPU.Build.0 = Release|Any CPU
		{CCABD378-10A3-47E4-AE9D-978B5E861201}.Debug|Any CPU.ActiveCfg = Debug|Any CPU
		{CCABD378-10A3-47E4-AE9D-978B5E861201}.Debug|Any CPU.Build.0 = Debug|Any CPU
		{CCABD378-10A3-47E4-AE9D-978B5E861201}.Release|Any CPU.ActiveCfg = Release|Any CPU
		{CCABD378-10A3-47E4-AE9D-978B5E861201}.Release|Any CPU.Build.0 = Release|Any CPU
	EndGlobalSection
	GlobalSection(SolutionProperties) = preSolution
		HideSolutionNode = FALSE
	EndGlobalSection
	GlobalSection(ExtensibilityGlobals) = postSolution
		SolutionGuid = {4729753D-37AA-49D9-AB6A-CCA03BFBE010}
	EndGlobalSection
EndGlobal
